
Microsoft Visual Studio Solution File, Format Version 12.00
# Visual Studio Version 16
VisualStudioVersion = 16.0.31402.337
MinimumVisualStudioVersion = 10.0.40219.1
Project("{FAE04EC0-301F-11D3-BF4B-00C04F79EFBC}") = "Exersices_HW5", "Exersices_HW5\Exersices_HW5.csproj", "{37B73A21-3BA8-4F92-B035-6EA08E932AD7}"
EndProject
Global
	GlobalSection(SolutionConfigurationPlatforms) = preSolution
		Debug|Any CPU = Debug|Any CPU
		Release|Any CPU = Release|Any CPU
	EndGlobalSection
	GlobalSection(ProjectConfigurationPlatforms) = postSolution
		{37B73A21-3BA8-4F92-B035-6EA08E932AD7}.Debug|Any CPU.ActiveCfg = Debug|Any CPU
		{37B73A21-3BA8-4F92-B035-6EA08E932AD7}.Debug|Any CPU.Build.0 = Debug|Any CPU
		{37B73A21-3BA8-4F92-B035-6EA08E932AD7}.Release|Any CPU.ActiveCfg = Release|Any CPU
		{37B73A21-3BA8-4F92-B035-6EA08E932AD7}.Release|Any CPU.Build.0 = Release|Any CPU
	EndGlobalSection
	GlobalSection(SolutionProperties) = preSolution
		HideSolutionNode = FALSE
	EndGlobalSection
	GlobalSection(ExtensibilityGlobals) = postSolution
		SolutionGuid = {FA4E9850-4009-484B-B03D-47C52D9A3F3C}
	EndGlobalSection
EndGlobal
