
Microsoft Visual Studio Solution File, Format Version 12.00
# Visual Studio Version 16
VisualStudioVersion = 16.0.31402.337
MinimumVisualStudioVersion = 10.0.40219.1
Project("{FAE04EC0-301F-11D3-BF4B-00C04F79EFBC}") = "Exersises_HW4", "Exersises_HW4\Exersises_HW4.csproj", "{2872E19D-1A8A-492E-881C-EB6F4302C000}"
EndProject
Global
	GlobalSection(SolutionConfigurationPlatforms) = preSolution
		Debug|Any CPU = Debug|Any CPU
		Release|Any CPU = Release|Any CPU
	EndGlobalSection
	GlobalSection(ProjectConfigurationPlatforms) = postSolution
		{2872E19D-1A8A-492E-881C-EB6F4302C000}.Debug|Any CPU.ActiveCfg = Debug|Any CPU
		{2872E19D-1A8A-492E-881C-EB6F4302C000}.Debug|Any CPU.Build.0 = Debug|Any CPU
		{2872E19D-1A8A-492E-881C-EB6F4302C000}.Release|Any CPU.ActiveCfg = Release|Any CPU
		{2872E19D-1A8A-492E-881C-EB6F4302C000}.Release|Any CPU.Build.0 = Release|Any CPU
	EndGlobalSection
	GlobalSection(SolutionProperties) = preSolution
		HideSolutionNode = FALSE
	EndGlobalSection
	GlobalSection(ExtensibilityGlobals) = postSolution
		SolutionGuid = {FA4E9850-4009-484B-B03D-47C52D9A3F3C}
	EndGlobalSection
EndGlobal
